
Microsoft Visual Studio Solution File, Format Version 12.00
# Visual Studio Version 16
VisualStudioVersion = 16.0.32413.511
MinimumVisualStudioVersion = 10.0.40219.1
Project("{FAE04EC0-301F-11D3-BF4B-00C04F79EFBC}") = "TradeCollectorApp", "TradeCollectorApp\TradeCollectorApp.csproj", "{1636BFC4-F224-4092-B481-A928444132CB}"
EndProject
Global
	GlobalSection(SolutionConfigurationPlatforms) = preSolution
		Debug|Any CPU = Debug|Any CPU
		Release|Any CPU = Release|Any CPU
	EndGlobalSection
	GlobalSection(ProjectConfigurationPlatforms) = postSolution
		{1636BFC4-F224-4092-B481-A928444132CB}.Debug|Any CPU.ActiveCfg = Debug|Any CPU
		{1636BFC4-F224-4092-B481-A928444132CB}.Debug|Any CPU.Build.0 = Debug|Any CPU
		{1636BFC4-F224-4092-B481-A928444132CB}.Release|Any CPU.ActiveCfg = Release|Any CPU
		{1636BFC4-F224-4092-B481-A928444132CB}.Release|Any CPU.Build.0 = Release|Any CPU
	EndGlobalSection
	GlobalSection(SolutionProperties) = preSolution
		HideSolutionNode = FALSE
	EndGlobalSection
	GlobalSection(ExtensibilityGlobals) = postSolution
		SolutionGuid = {CF9BE476-B654-43BD-BE0F-0799EAAF2323}
	EndGlobalSection
EndGlobal
